
Microsoft Visual Studio Solution File, Format Version 12.00
# Visual Studio Version 17
VisualStudioVersion = 17.3.32922.545
MinimumVisualStudioVersion = 10.0.40219.1
Project("{2150E333-8FDC-42A3-9474-1A3956D46DE8}") = "01_CSharpProgramming", "01_CSharpProgramming", "{93D162EF-0A40-4089-B3BA-E2127380DC87}"
EndProject
Project("{2150E333-8FDC-42A3-9474-1A3956D46DE8}") = "Study", "Study", "{A63F17C2-30E3-42D9-B819-B3719BDF36B4}"
EndProject
Project("{2150E333-8FDC-42A3-9474-1A3956D46DE8}") = "Homework", "Homework", "{B7E126C6-B274-4CDF-B2C6-43D676143E37}"
EndProject
Project("{2150E333-8FDC-42A3-9474-1A3956D46DE8}") = "PersonalProject", "PersonalProject", "{0DC1C375-379F-4297-8A9C-28F2608749CA}"
EndProject
Project("{2150E333-8FDC-42A3-9474-1A3956D46DE8}") = "02_CSharpAlgorithm", "02_CSharpAlgorithm", "{D228382A-1472-45BC-A838-67088D5DAB8A}"
EndProject
Project("{2150E333-8FDC-42A3-9474-1A3956D46DE8}") = "Homework", "Homework", "{E9FE85DE-09A6-4675-B632-ED7437DF93EC}"
EndProject
Project("{2150E333-8FDC-42A3-9474-1A3956D46DE8}") = "PersonalProject", "PersonalProject", "{58194FBC-0707-4937-BFE3-7F120480CA26}"
EndProject
Project("{2150E333-8FDC-42A3-9474-1A3956D46DE8}") = "Study", "Study", "{AB1DF0A9-521D-4AAC-AFEE-D3DDBE23A839}"
EndProject
Project("{9A19103F-16F7-4668-BE54-9A1E7A4F7556}") = "00_Programming", "01_CSharpProgramming\Study\00_Programming\00_Programming.csproj", "{ABE23C16-1490-4610-84F7-DC4FC3663E6E}"
EndProject
Project("{9A19103F-16F7-4668-BE54-9A1E7A4F7556}") = "01_DataType", "01_CSharpProgramming\Study\01_DataType\01_DataType.csproj", "{FE2B1855-D447-4B5B-924E-949E78B75588}"
EndProject
Project("{9A19103F-16F7-4668-BE54-9A1E7A4F7556}") = "02_Operator", "01_CSharpProgramming\Study\02_Operator\02_Operator.csproj", "{F65EDDA4-0881-4FF9-88AA-B9CF8CE495D8}"
EndProject
Project("{9A19103F-16F7-4668-BE54-9A1E7A4F7556}") = "03_Conditional", "01_CSharpProgramming\Study\03_Conditional\03_Conditional.csproj", "{ED4C71E5-2F86-4922-9382-6A7E2D98F0D7}"
EndProject
Project("{9A19103F-16F7-4668-BE54-9A1E7A4F7556}") = "04_Loop", "01_CSharpProgramming\Study\04_Loop\04_Loop.csproj", "{3B91C887-7EE5-4E6F-AB40-FBC167FB3AA0}"
EndProject
Project("{9A19103F-16F7-4668-BE54-9A1E7A4F7556}") = "05_Function", "01_CSharpProgramming\Study\05_Function\05_Function.csproj", "{F616EF58-2331-4D51-B8CB-BDB78A9C01E0}"
EndProject
Project("{9A19103F-16F7-4668-BE54-9A1E7A4F7556}") = "06_UserDefinedType", "01_CSharpProgramming\Study\06_UserDefinedType\06_UserDefinedType.csproj", "{42696121-6F0F-4579-BA78-02709F1C97E8}"
EndProject
Project("{9A19103F-16F7-4668-BE54-9A1E7A4F7556}") = "07_Class", "01_CSharpProgramming\Study\07_Class\07_Class.csproj", "{17DF28EC-9CAF-4B6B-AC31-71C324C3F58E}"
EndProject
Project("{9A19103F-16F7-4668-BE54-9A1E7A4F7556}") = "08_OOP", "01_CSharpProgramming\Study\08_OOP\08_OOP.csproj", "{529EB2AA-C066-4D36-B7F2-43DFA1AC9F86}"
EndProject
Project("{9A19103F-16F7-4668-BE54-9A1E7A4F7556}") = "09_Generic", "01_CSharpProgramming\Study\09_Generic\09_Generic.csproj", "{C2C8F0E2-23A8-4D01-A456-D77A11C8B5C1}"
EndProject
Project("{9A19103F-16F7-4668-BE54-9A1E7A4F7556}") = "10_Delegate", "01_CSharpProgramming\Study\10_Delegate\10_Delegate.csproj", "{DFA86B5D-F5E1-4921-8CF4-18B1D225BB2B}"
EndProject
Project("{9A19103F-16F7-4668-BE54-9A1E7A4F7556}") = "11_Event", "01_CSharpProgramming\Study\11_Event\11_Event.csproj", "{0D5B5DEC-C4A4-48BD-8B61-8D16C239CD97}"
EndProject
Project("{9A19103F-16F7-4668-BE54-9A1E7A4F7556}") = "12_Additional", "01_CSharpProgramming\Study\12_Additional\12_Additional.csproj", "{18A8D5B2-6074-4366-A693-D0A6890AD440}"
EndProject
Project("{9A19103F-16F7-4668-BE54-9A1E7A4F7556}") = "ProjectD", "01_CSharpProgramming\PersonalProject\ProjectD\ProjectD.csproj", "{9007B6B8-914B-4721-A25F-F6B2FD5BA3E3}"
EndProject
Project("{9A19103F-16F7-4668-BE54-9A1E7A4F7556}") = "Homework_00", "01_CSharpProgramming\Homework\Homework_00\Homework_00.csproj", "{B395A641-5A95-4669-A07D-4C010AED7A39}"
EndProject
Project("{9A19103F-16F7-4668-BE54-9A1E7A4F7556}") = "Homework_01", "01_CSharpProgramming\Homework\Homework_01\Homework_01.csproj", "{CEF5DB9E-437C-41E0-9FE1-3818FA4D9ABB}"
EndProject
Project("{9A19103F-16F7-4668-BE54-9A1E7A4F7556}") = "Homework_02", "01_CSharpProgramming\Homework\Homework_02\Homework_02.csproj", "{97906A2D-D0CE-4970-B97B-FA45337788ED}"
EndProject
Project("{9A19103F-16F7-4668-BE54-9A1E7A4F7556}") = "Homework_03", "01_CSharpProgramming\Homework\Homework_03\Homework_03.csproj", "{7D7E84C4-C07C-465F-9A51-8BE79EBDCB67}"
EndProject
Project("{9A19103F-16F7-4668-BE54-9A1E7A4F7556}") = "Homework_04", "01_CSharpProgramming\Homework\Homework_04\Homework_04.csproj", "{72CCB76E-D09D-4A08-9143-00D5485CE96F}"
EndProject
Project("{9A19103F-16F7-4668-BE54-9A1E7A4F7556}") = "Homework_05", "01_CSharpProgramming\Homework\Homework_05\Homework_05.csproj", "{4E53AE5D-0D79-421B-9218-6F9F37117517}"
EndProject
Project("{9A19103F-16F7-4668-BE54-9A1E7A4F7556}") = "Homework_06", "01_CSharpProgramming\Homework\Homework_06\Homework_06.csproj", "{33AD6804-DAD0-4EFF-9738-8298329CFBBA}"
EndProject
Project("{9A19103F-16F7-4668-BE54-9A1E7A4F7556}") = "Homework_07", "01_CSharpProgramming\Homework\Homework_07\Homework_07.csproj", "{4888BD4A-BFDD-4F05-BE6A-6DCDB3F57C25}"
EndProject
Project("{9A19103F-16F7-4668-BE54-9A1E7A4F7556}") = "Homework_08", "01_CSharpProgramming\Homework\Homework_08\Homework_08.csproj", "{E28E6EB6-F2C4-4C4E-AA4D-359E32BA746C}"
EndProject
Project("{9A19103F-16F7-4668-BE54-9A1E7A4F7556}") = "Homework_09", "01_CSharpProgramming\Homework\Homework_09\Homework_09.csproj", "{10FC9FC5-FD6B-4EC9-986A-FF97EE81F43B}"
EndProject
Project("{9A19103F-16F7-4668-BE54-9A1E7A4F7556}") = "Homework_10", "01_CSharpProgramming\Homework\Homework_10\Homework_10.csproj", "{2B5790E0-2A18-4DFC-881C-88ED05BA966E}"
EndProject
Project("{9A19103F-16F7-4668-BE54-9A1E7A4F7556}") = "Homework_11", "01_CSharpProgramming\Homework\Homework_11\Homework_11.csproj", "{55C4E159-3E80-4EE5-B2D5-A77E8D5770F0}"
EndProject
Project("{9A19103F-16F7-4668-BE54-9A1E7A4F7556}") = "00_Algorithm", "02_CSharpAlgorithm\Study\00_Algorithm\00_Algorithm.csproj", "{23367ADA-B8C4-4E31-86A9-EDC6F3AA8C8F}"
EndProject
Project("{9A19103F-16F7-4668-BE54-9A1E7A4F7556}") = "01_List", "02_CSharpAlgorithm\Study\01_List\01_List.csproj", "{7A24658F-70D6-458B-9702-9A704234B484}"
EndProject
Project("{9A19103F-16F7-4668-BE54-9A1E7A4F7556}") = "GithubTest", "02_CSharpAlgorithm\PersonalProject\GithubTest\GithubTest.csproj", "{E4A17C79-969C-418C-84F5-6988906FB67A}"
EndProject
Project("{9A19103F-16F7-4668-BE54-9A1E7A4F7556}") = "Homework_01", "02_CSharpAlgorithm\Homework\Homerwork_01\Homework_01.csproj", "{C70B74DF-8081-41FB-AFA9-76AAD9F82A26}"
EndProject
Project("{9A19103F-16F7-4668-BE54-9A1E7A4F7556}") = "ProjectRPG", "02_CSharpAlgorithm\PersonalProject\ProjectRPG\ProjectRPG.csproj", "{CA0BF0B0-B761-4BE7-8478-E5FE13BDCBE5}"
EndProject
Project("{9A19103F-16F7-4668-BE54-9A1E7A4F7556}") = "02_LinkedList", "02_CSharpAlgorithm\Study\02_LinkedList\02_LinkedList.csproj", "{978E396D-A0C4-4179-8D9A-0A2581395B70}"
EndProject
Project("{9A19103F-16F7-4668-BE54-9A1E7A4F7556}") = "Homework_02", "02_CSharpAlgorithm\Homework\HomeWork_02\Homework_02.csproj", "{DD21205C-B8B7-4C47-9D68-76EF9C90F7D7}"
EndProject
Project("{9A19103F-16F7-4668-BE54-9A1E7A4F7556}") = "03_Iterator", "02_CSharpAlgorithm\Study\03_Iterator\03_Iterator.csproj", "{77FC6EBC-6E3E-4C2F-B884-591050BF6274}"
EndProject
Project("{9A19103F-16F7-4668-BE54-9A1E7A4F7556}") = "Homework_03", "02_CSharpAlgorithm\Homework\Homework_03\Homework_03.csproj", "{9A130FDF-0A12-4101-9900-66D04280E7B9}"
EndProject
Project("{FAE04EC0-301F-11D3-BF4B-00C04F79EFBC}") = "04_Stack", "02_CSharpAlgorithm\Study\04_Stack\04_Stack.csproj", "{3E53BB7B-464D-4BD2-9509-C4EA9E370AB3}"
EndProject
Project("{FAE04EC0-301F-11D3-BF4B-00C04F79EFBC}") = "05_Queue", "02_CSharpAlgorithm\Study\05_Queue\05_Queue.csproj", "{FB6A3009-715C-417F-9D0B-8997CF73D1D6}"
EndProject
Global
	GlobalSection(SolutionConfigurationPlatforms) = preSolution
		Debug|Any CPU = Debug|Any CPU
		Release|Any CPU = Release|Any CPU
	EndGlobalSection
	GlobalSection(ProjectConfigurationPlatforms) = postSolution
		{ABE23C16-1490-4610-84F7-DC4FC3663E6E}.Debug|Any CPU.ActiveCfg = Debug|Any CPU
		{ABE23C16-1490-4610-84F7-DC4FC3663E6E}.Debug|Any CPU.Build.0 = Debug|Any CPU
		{ABE23C16-1490-4610-84F7-DC4FC3663E6E}.Release|Any CPU.ActiveCfg = Release|Any CPU
		{ABE23C16-1490-4610-84F7-DC4FC3663E6E}.Release|Any CPU.Build.0 = Release|Any CPU
		{FE2B1855-D447-4B5B-924E-949E78B75588}.Debug|Any CPU.ActiveCfg = Debug|Any CPU
		{FE2B1855-D447-4B5B-924E-949E78B75588}.Debug|Any CPU.Build.0 = Debug|Any CPU
		{FE2B1855-D447-4B5B-924E-949E78B75588}.Release|Any CPU.ActiveCfg = Release|Any CPU
		{FE2B1855-D447-4B5B-924E-949E78B75588}.Release|Any CPU.Build.0 = Release|Any CPU
		{F65EDDA4-0881-4FF9-88AA-B9CF8CE495D8}.Debug|Any CPU.ActiveCfg = Debug|Any CPU
		{F65EDDA4-0881-4FF9-88AA-B9CF8CE495D8}.Debug|Any CPU.Build.0 = Debug|Any CPU
		{F65EDDA4-0881-4FF9-88AA-B9CF8CE495D8}.Release|Any CPU.ActiveCfg = Release|Any CPU
		{F65EDDA4-0881-4FF9-88AA-B9CF8CE495D8}.Release|Any CPU.Build.0 = Release|Any CPU
		{ED4C71E5-2F86-4922-9382-6A7E2D98F0D7}.Debug|Any CPU.ActiveCfg = Debug|Any CPU
		{ED4C71E5-2F86-4922-9382-6A7E2D98F0D7}.Debug|Any CPU.Build.0 = Debug|Any CPU
		{ED4C71E5-2F86-4922-9382-6A7E2D98F0D7}.Release|Any CPU.ActiveCfg = Release|Any CPU
		{ED4C71E5-2F86-4922-9382-6A7E2D98F0D7}.Release|Any CPU.Build.0 = Release|Any CPU
		{3B91C887-7EE5-4E6F-AB40-FBC167FB3AA0}.Debug|Any CPU.ActiveCfg = Debug|Any CPU
		{3B91C887-7EE5-4E6F-AB40-FBC167FB3AA0}.Debug|Any CPU.Build.0 = Debug|Any CPU
		{3B91C887-7EE5-4E6F-AB40-FBC167FB3AA0}.Release|Any CPU.ActiveCfg = Release|Any CPU
		{3B91C887-7EE5-4E6F-AB40-FBC167FB3AA0}.Release|Any CPU.Build.0 = Release|Any CPU
		{F616EF58-2331-4D51-B8CB-BDB78A9C01E0}.Debug|Any CPU.ActiveCfg = Debug|Any CPU
		{F616EF58-2331-4D51-B8CB-BDB78A9C01E0}.Debug|Any CPU.Build.0 = Debug|Any CPU
		{F616EF58-2331-4D51-B8CB-BDB78A9C01E0}.Release|Any CPU.ActiveCfg = Release|Any CPU
		{F616EF58-2331-4D51-B8CB-BDB78A9C01E0}.Release|Any CPU.Build.0 = Release|Any CPU
		{42696121-6F0F-4579-BA78-02709F1C97E8}.Debug|Any CPU.ActiveCfg = Debug|Any CPU
		{42696121-6F0F-4579-BA78-02709F1C97E8}.Debug|Any CPU.Build.0 = Debug|Any CPU
		{42696121-6F0F-4579-BA78-02709F1C97E8}.Release|Any CPU.ActiveCfg = Release|Any CPU
		{42696121-6F0F-4579-BA78-02709F1C97E8}.Release|Any CPU.Build.0 = Release|Any CPU
		{17DF28EC-9CAF-4B6B-AC31-71C324C3F58E}.Debug|Any CPU.ActiveCfg = Debug|Any CPU
		{17DF28EC-9CAF-4B6B-AC31-71C324C3F58E}.Debug|Any CPU.Build.0 = Debug|Any CPU
		{17DF28EC-9CAF-4B6B-AC31-71C324C3F58E}.Release|Any CPU.ActiveCfg = Release|Any CPU
		{17DF28EC-9CAF-4B6B-AC31-71C324C3F58E}.Release|Any CPU.Build.0 = Release|Any CPU
		{529EB2AA-C066-4D36-B7F2-43DFA1AC9F86}.Debug|Any CPU.ActiveCfg = Debug|Any CPU
		{529EB2AA-C066-4D36-B7F2-43DFA1AC9F86}.Debug|Any CPU.Build.0 = Debug|Any CPU
		{529EB2AA-C066-4D36-B7F2-43DFA1AC9F86}.Release|Any CPU.ActiveCfg = Release|Any CPU
		{529EB2AA-C066-4D36-B7F2-43DFA1AC9F86}.Release|Any CPU.Build.0 = Release|Any CPU
		{C2C8F0E2-23A8-4D01-A456-D77A11C8B5C1}.Debug|Any CPU.ActiveCfg = Debug|Any CPU
		{C2C8F0E2-23A8-4D01-A456-D77A11C8B5C1}.Debug|Any CPU.Build.0 = Debug|Any CPU
		{C2C8F0E2-23A8-4D01-A456-D77A11C8B5C1}.Release|Any CPU.ActiveCfg = Release|Any CPU
		{C2C8F0E2-23A8-4D01-A456-D77A11C8B5C1}.Release|Any CPU.Build.0 = Release|Any CPU
		{DFA86B5D-F5E1-4921-8CF4-18B1D225BB2B}.Debug|Any CPU.ActiveCfg = Debug|Any CPU
		{DFA86B5D-F5E1-4921-8CF4-18B1D225BB2B}.Debug|Any CPU.Build.0 = Debug|Any CPU
		{DFA86B5D-F5E1-4921-8CF4-18B1D225BB2B}.Release|Any CPU.ActiveCfg = Release|Any CPU
		{DFA86B5D-F5E1-4921-8CF4-18B1D225BB2B}.Release|Any CPU.Build.0 = Release|Any CPU
		{0D5B5DEC-C4A4-48BD-8B61-8D16C239CD97}.Debug|Any CPU.ActiveCfg = Debug|Any CPU
		{0D5B5DEC-C4A4-48BD-8B61-8D16C239CD97}.Debug|Any CPU.Build.0 = Debug|Any CPU
		{0D5B5DEC-C4A4-48BD-8B61-8D16C239CD97}.Release|Any CPU.ActiveCfg = Release|Any CPU
		{0D5B5DEC-C4A4-48BD-8B61-8D16C239CD97}.Release|Any CPU.Build.0 = Release|Any CPU
		{18A8D5B2-6074-4366-A693-D0A6890AD440}.Debug|Any CPU.ActiveCfg = Debug|Any CPU
		{18A8D5B2-6074-4366-A693-D0A6890AD440}.Debug|Any CPU.Build.0 = Debug|Any CPU
		{18A8D5B2-6074-4366-A693-D0A6890AD440}.Release|Any CPU.ActiveCfg = Release|Any CPU
		{18A8D5B2-6074-4366-A693-D0A6890AD440}.Release|Any CPU.Build.0 = Release|Any CPU
		{9007B6B8-914B-4721-A25F-F6B2FD5BA3E3}.Debug|Any CPU.ActiveCfg = Debug|Any CPU
		{9007B6B8-914B-4721-A25F-F6B2FD5BA3E3}.Debug|Any CPU.Build.0 = Debug|Any CPU
		{9007B6B8-914B-4721-A25F-F6B2FD5BA3E3}.Release|Any CPU.ActiveCfg = Release|Any CPU
		{9007B6B8-914B-4721-A25F-F6B2FD5BA3E3}.Release|Any CPU.Build.0 = Release|Any CPU
		{B395A641-5A95-4669-A07D-4C010AED7A39}.Debug|Any CPU.ActiveCfg = Debug|Any CPU
		{B395A641-5A95-4669-A07D-4C010AED7A39}.Debug|Any CPU.Build.0 = Debug|Any CPU
		{B395A641-5A95-4669-A07D-4C010AED7A39}.Release|Any CPU.ActiveCfg = Release|Any CPU
		{B395A641-5A95-4669-A07D-4C010AED7A39}.Release|Any CPU.Build.0 = Release|Any CPU
		{CEF5DB9E-437C-41E0-9FE1-3818FA4D9ABB}.Debug|Any CPU.ActiveCfg = Debug|Any CPU
		{CEF5DB9E-437C-41E0-9FE1-3818FA4D9ABB}.Debug|Any CPU.Build.0 = Debug|Any CPU
		{CEF5DB9E-437C-41E0-9FE1-3818FA4D9ABB}.Release|Any CPU.ActiveCfg = Release|Any CPU
		{CEF5DB9E-437C-41E0-9FE1-3818FA4D9ABB}.Release|Any CPU.Build.0 = Release|Any CPU
		{97906A2D-D0CE-4970-B97B-FA45337788ED}.Debug|Any CPU.ActiveCfg = Debug|Any CPU
		{97906A2D-D0CE-4970-B97B-FA45337788ED}.Debug|Any CPU.Build.0 = Debug|Any CPU
		{97906A2D-D0CE-4970-B97B-FA45337788ED}.Release|Any CPU.ActiveCfg = Release|Any CPU
		{97906A2D-D0CE-4970-B97B-FA45337788ED}.Release|Any CPU.Build.0 = Release|Any CPU
		{7D7E84C4-C07C-465F-9A51-8BE79EBDCB67}.Debug|Any CPU.ActiveCfg = Debug|Any CPU
		{7D7E84C4-C07C-465F-9A51-8BE79EBDCB67}.Debug|Any CPU.Build.0 = Debug|Any CPU
		{7D7E84C4-C07C-465F-9A51-8BE79EBDCB67}.Release|Any CPU.ActiveCfg = Release|Any CPU
		{7D7E84C4-C07C-465F-9A51-8BE79EBDCB67}.Release|Any CPU.Build.0 = Release|Any CPU
		{72CCB76E-D09D-4A08-9143-00D5485CE96F}.Debug|Any CPU.ActiveCfg = Debug|Any CPU
		{72CCB76E-D09D-4A08-9143-00D5485CE96F}.Debug|Any CPU.Build.0 = Debug|Any CPU
		{72CCB76E-D09D-4A08-9143-00D5485CE96F}.Release|Any CPU.ActiveCfg = Release|Any CPU
		{72CCB76E-D09D-4A08-9143-00D5485CE96F}.Release|Any CPU.Build.0 = Release|Any CPU
		{4E53AE5D-0D79-421B-9218-6F9F37117517}.Debug|Any CPU.ActiveCfg = Debug|Any CPU
		{4E53AE5D-0D79-421B-9218-6F9F37117517}.Debug|Any CPU.Build.0 = Debug|Any CPU
		{4E53AE5D-0D79-421B-9218-6F9F37117517}.Release|Any CPU.ActiveCfg = Release|Any CPU
		{4E53AE5D-0D79-421B-9218-6F9F37117517}.Release|Any CPU.Build.0 = Release|Any CPU
		{33AD6804-DAD0-4EFF-9738-8298329CFBBA}.Debug|Any CPU.ActiveCfg = Debug|Any CPU
		{33AD6804-DAD0-4EFF-9738-8298329CFBBA}.Debug|Any CPU.Build.0 = Debug|Any CPU
		{33AD6804-DAD0-4EFF-9738-8298329CFBBA}.Release|Any CPU.ActiveCfg = Release|Any CPU
		{33AD6804-DAD0-4EFF-9738-8298329CFBBA}.Release|Any CPU.Build.0 = Release|Any CPU
		{4888BD4A-BFDD-4F05-BE6A-6DCDB3F57C25}.Debug|Any CPU.ActiveCfg = Debug|Any CPU
		{4888BD4A-BFDD-4F05-BE6A-6DCDB3F57C25}.Debug|Any CPU.Build.0 = Debug|Any CPU
		{4888BD4A-BFDD-4F05-BE6A-6DCDB3F57C25}.Release|Any CPU.ActiveCfg = Release|Any CPU
		{4888BD4A-BFDD-4F05-BE6A-6DCDB3F57C25}.Release|Any CPU.Build.0 = Release|Any CPU
		{E28E6EB6-F2C4-4C4E-AA4D-359E32BA746C}.Debug|Any CPU.ActiveCfg = Debug|Any CPU
		{E28E6EB6-F2C4-4C4E-AA4D-359E32BA746C}.Debug|Any CPU.Build.0 = Debug|Any CPU
		{E28E6EB6-F2C4-4C4E-AA4D-359E32BA746C}.Release|Any CPU.ActiveCfg = Release|Any CPU
		{E28E6EB6-F2C4-4C4E-AA4D-359E32BA746C}.Release|Any CPU.Build.0 = Release|Any CPU
		{10FC9FC5-FD6B-4EC9-986A-FF97EE81F43B}.Debug|Any CPU.ActiveCfg = Debug|Any CPU
		{10FC9FC5-FD6B-4EC9-986A-FF97EE81F43B}.Debug|Any CPU.Build.0 = Debug|Any CPU
		{10FC9FC5-FD6B-4EC9-986A-FF97EE81F43B}.Release|Any CPU.ActiveCfg = Release|Any CPU
		{10FC9FC5-FD6B-4EC9-986A-FF97EE81F43B}.Release|Any CPU.Build.0 = Release|Any CPU
		{2B5790E0-2A18-4DFC-881C-88ED05BA966E}.Debug|Any CPU.ActiveCfg = Debug|Any CPU
		{2B5790E0-2A18-4DFC-881C-88ED05BA966E}.Debug|Any CPU.Build.0 = Debug|Any CPU
		{2B5790E0-2A18-4DFC-881C-88ED05BA966E}.Release|Any CPU.ActiveCfg = Release|Any CPU
		{2B5790E0-2A18-4DFC-881C-88ED05BA966E}.Release|Any CPU.Build.0 = Release|Any CPU
		{55C4E159-3E80-4EE5-B2D5-A77E8D5770F0}.Debug|Any CPU.ActiveCfg = Debug|Any CPU
		{55C4E159-3E80-4EE5-B2D5-A77E8D5770F0}.Debug|Any CPU.Build.0 = Debug|Any CPU
		{55C4E159-3E80-4EE5-B2D5-A77E8D5770F0}.Release|Any CPU.ActiveCfg = Release|Any CPU
		{55C4E159-3E80-4EE5-B2D5-A77E8D5770F0}.Release|Any CPU.Build.0 = Release|Any CPU
		{23367ADA-B8C4-4E31-86A9-EDC6F3AA8C8F}.Debug|Any CPU.ActiveCfg = Debug|Any CPU
		{23367ADA-B8C4-4E31-86A9-EDC6F3AA8C8F}.Debug|Any CPU.Build.0 = Debug|Any CPU
		{23367ADA-B8C4-4E31-86A9-EDC6F3AA8C8F}.Release|Any CPU.ActiveCfg = Release|Any CPU
		{23367ADA-B8C4-4E31-86A9-EDC6F3AA8C8F}.Release|Any CPU.Build.0 = Release|Any CPU
		{7A24658F-70D6-458B-9702-9A704234B484}.Debug|Any CPU.ActiveCfg = Debug|Any CPU
		{7A24658F-70D6-458B-9702-9A704234B484}.Debug|Any CPU.Build.0 = Debug|Any CPU
		{7A24658F-70D6-458B-9702-9A704234B484}.Release|Any CPU.ActiveCfg = Release|Any CPU
		{7A24658F-70D6-458B-9702-9A704234B484}.Release|Any CPU.Build.0 = Release|Any CPU
		{E4A17C79-969C-418C-84F5-6988906FB67A}.Debug|Any CPU.ActiveCfg = Debug|Any CPU
		{E4A17C79-969C-418C-84F5-6988906FB67A}.Debug|Any CPU.Build.0 = Debug|Any CPU
		{E4A17C79-969C-418C-84F5-6988906FB67A}.Release|Any CPU.ActiveCfg = Release|Any CPU
		{E4A17C79-969C-418C-84F5-6988906FB67A}.Release|Any CPU.Build.0 = Release|Any CPU
		{C70B74DF-8081-41FB-AFA9-76AAD9F82A26}.Debug|Any CPU.ActiveCfg = Debug|Any CPU
		{C70B74DF-8081-41FB-AFA9-76AAD9F82A26}.Debug|Any CPU.Build.0 = Debug|Any CPU
		{C70B74DF-8081-41FB-AFA9-76AAD9F82A26}.Release|Any CPU.ActiveCfg = Release|Any CPU
		{C70B74DF-8081-41FB-AFA9-76AAD9F82A26}.Release|Any CPU.Build.0 = Release|Any CPU
		{CA0BF0B0-B761-4BE7-8478-E5FE13BDCBE5}.Debug|Any CPU.ActiveCfg = Debug|Any CPU
		{CA0BF0B0-B761-4BE7-8478-E5FE13BDCBE5}.Debug|Any CPU.Build.0 = Debug|Any CPU
		{CA0BF0B0-B761-4BE7-8478-E5FE13BDCBE5}.Release|Any CPU.ActiveCfg = Release|Any CPU
		{CA0BF0B0-B761-4BE7-8478-E5FE13BDCBE5}.Release|Any CPU.Build.0 = Release|Any CPU
		{978E396D-A0C4-4179-8D9A-0A2581395B70}.Debug|Any CPU.ActiveCfg = Debug|Any CPU
		{978E396D-A0C4-4179-8D9A-0A2581395B70}.Debug|Any CPU.Build.0 = Debug|Any CPU
		{978E396D-A0C4-4179-8D9A-0A2581395B70}.Release|Any CPU.ActiveCfg = Release|Any CPU
		{978E396D-A0C4-4179-8D9A-0A2581395B70}.Release|Any CPU.Build.0 = Release|Any CPU
		{DD21205C-B8B7-4C47-9D68-76EF9C90F7D7}.Debug|Any CPU.ActiveCfg = Debug|Any CPU
		{DD21205C-B8B7-4C47-9D68-76EF9C90F7D7}.Debug|Any CPU.Build.0 = Debug|Any CPU
		{DD21205C-B8B7-4C47-9D68-76EF9C90F7D7}.Release|Any CPU.ActiveCfg = Release|Any CPU
		{DD21205C-B8B7-4C47-9D68-76EF9C90F7D7}.Release|Any CPU.Build.0 = Release|Any CPU
		{77FC6EBC-6E3E-4C2F-B884-591050BF6274}.Debug|Any CPU.ActiveCfg = Debug|Any CPU
		{77FC6EBC-6E3E-4C2F-B884-591050BF6274}.Debug|Any CPU.Build.0 = Debug|Any CPU
		{77FC6EBC-6E3E-4C2F-B884-591050BF6274}.Release|Any CPU.ActiveCfg = Release|Any CPU
		{77FC6EBC-6E3E-4C2F-B884-591050BF6274}.Release|Any CPU.Build.0 = Release|Any CPU
		{9A130FDF-0A12-4101-9900-66D04280E7B9}.Debug|Any CPU.ActiveCfg = Debug|Any CPU
		{9A130FDF-0A12-4101-9900-66D04280E7B9}.Debug|Any CPU.Build.0 = Debug|Any CPU
		{9A130FDF-0A12-4101-9900-66D04280E7B9}.Release|Any CPU.ActiveCfg = Release|Any CPU
		{9A130FDF-0A12-4101-9900-66D04280E7B9}.Release|Any CPU.Build.0 = Release|Any CPU
		{3E53BB7B-464D-4BD2-9509-C4EA9E370AB3}.Debug|Any CPU.ActiveCfg = Debug|Any CPU
		{3E53BB7B-464D-4BD2-9509-C4EA9E370AB3}.Debug|Any CPU.Build.0 = Debug|Any CPU
		{3E53BB7B-464D-4BD2-9509-C4EA9E370AB3}.Release|Any CPU.ActiveCfg = Release|Any CPU
		{3E53BB7B-464D-4BD2-9509-C4EA9E370AB3}.Release|Any CPU.Build.0 = Release|Any CPU
		{FB6A3009-715C-417F-9D0B-8997CF73D1D6}.Debug|Any CPU.ActiveCfg = Debug|Any CPU
		{FB6A3009-715C-417F-9D0B-8997CF73D1D6}.Debug|Any CPU.Build.0 = Debug|Any CPU
		{FB6A3009-715C-417F-9D0B-8997CF73D1D6}.Release|Any CPU.ActiveCfg = Release|Any CPU
		{FB6A3009-715C-417F-9D0B-8997CF73D1D6}.Release|Any CPU.Build.0 = Release|Any CPU
	EndGlobalSection
	GlobalSection(SolutionProperties) = preSolution
		HideSolutionNode = FALSE
	EndGlobalSection
	GlobalSection(NestedProjects) = preSolution
		{A63F17C2-30E3-42D9-B819-B3719BDF36B4} = {93D162EF-0A40-4089-B3BA-E2127380DC87}
		{B7E126C6-B274-4CDF-B2C6-43D676143E37} = {93D162EF-0A40-4089-B3BA-E2127380DC87}
		{0DC1C375-379F-4297-8A9C-28F2608749CA} = {93D162EF-0A40-4089-B3BA-E2127380DC87}
		{E9FE85DE-09A6-4675-B632-ED7437DF93EC} = {D228382A-1472-45BC-A838-67088D5DAB8A}
		{58194FBC-0707-4937-BFE3-7F120480CA26} = {D228382A-1472-45BC-A838-67088D5DAB8A}
		{AB1DF0A9-521D-4AAC-AFEE-D3DDBE23A839} = {D228382A-1472-45BC-A838-67088D5DAB8A}
		{ABE23C16-1490-4610-84F7-DC4FC3663E6E} = {A63F17C2-30E3-42D9-B819-B3719BDF36B4}
		{FE2B1855-D447-4B5B-924E-949E78B75588} = {A63F17C2-30E3-42D9-B819-B3719BDF36B4}
		{F65EDDA4-0881-4FF9-88AA-B9CF8CE495D8} = {A63F17C2-30E3-42D9-B819-B3719BDF36B4}
		{ED4C71E5-2F86-4922-9382-6A7E2D98F0D7} = {A63F17C2-30E3-42D9-B819-B3719BDF36B4}
		{3B91C887-7EE5-4E6F-AB40-FBC167FB3AA0} = {A63F17C2-30E3-42D9-B819-B3719BDF36B4}
		{F616EF58-2331-4D51-B8CB-BDB78A9C01E0} = {A63F17C2-30E3-42D9-B819-B3719BDF36B4}
		{42696121-6F0F-4579-BA78-02709F1C97E8} = {A63F17C2-30E3-42D9-B819-B3719BDF36B4}
		{17DF28EC-9CAF-4B6B-AC31-71C324C3F58E} = {A63F17C2-30E3-42D9-B819-B3719BDF36B4}
		{529EB2AA-C066-4D36-B7F2-43DFA1AC9F86} = {A63F17C2-30E3-42D9-B819-B3719BDF36B4}
		{C2C8F0E2-23A8-4D01-A456-D77A11C8B5C1} = {A63F17C2-30E3-42D9-B819-B3719BDF36B4}
		{DFA86B5D-F5E1-4921-8CF4-18B1D225BB2B} = {A63F17C2-30E3-42D9-B819-B3719BDF36B4}
		{0D5B5DEC-C4A4-48BD-8B61-8D16C239CD97} = {A63F17C2-30E3-42D9-B819-B3719BDF36B4}
		{18A8D5B2-6074-4366-A693-D0A6890AD440} = {A63F17C2-30E3-42D9-B819-B3719BDF36B4}
		{9007B6B8-914B-4721-A25F-F6B2FD5BA3E3} = {0DC1C375-379F-4297-8A9C-28F2608749CA}
		{B395A641-5A95-4669-A07D-4C010AED7A39} = {B7E126C6-B274-4CDF-B2C6-43D676143E37}
		{CEF5DB9E-437C-41E0-9FE1-3818FA4D9ABB} = {B7E126C6-B274-4CDF-B2C6-43D676143E37}
		{97906A2D-D0CE-4970-B97B-FA45337788ED} = {B7E126C6-B274-4CDF-B2C6-43D676143E37}
		{7D7E84C4-C07C-465F-9A51-8BE79EBDCB67} = {B7E126C6-B274-4CDF-B2C6-43D676143E37}
		{72CCB76E-D09D-4A08-9143-00D5485CE96F} = {B7E126C6-B274-4CDF-B2C6-43D676143E37}
		{4E53AE5D-0D79-421B-9218-6F9F37117517} = {B7E126C6-B274-4CDF-B2C6-43D676143E37}
		{33AD6804-DAD0-4EFF-9738-8298329CFBBA} = {B7E126C6-B274-4CDF-B2C6-43D676143E37}
		{4888BD4A-BFDD-4F05-BE6A-6DCDB3F57C25} = {B7E126C6-B274-4CDF-B2C6-43D676143E37}
		{E28E6EB6-F2C4-4C4E-AA4D-359E32BA746C} = {B7E126C6-B274-4CDF-B2C6-43D676143E37}
		{10FC9FC5-FD6B-4EC9-986A-FF97EE81F43B} = {B7E126C6-B274-4CDF-B2C6-43D676143E37}
		{2B5790E0-2A18-4DFC-881C-88ED05BA966E} = {B7E126C6-B274-4CDF-B2C6-43D676143E37}
		{55C4E159-3E80-4EE5-B2D5-A77E8D5770F0} = {B7E126C6-B274-4CDF-B2C6-43D676143E37}
		{23367ADA-B8C4-4E31-86A9-EDC6F3AA8C8F} = {AB1DF0A9-521D-4AAC-AFEE-D3DDBE23A839}
		{7A24658F-70D6-458B-9702-9A704234B484} = {AB1DF0A9-521D-4AAC-AFEE-D3DDBE23A839}
		{E4A17C79-969C-418C-84F5-6988906FB67A} = {58194FBC-0707-4937-BFE3-7F120480CA26}
		{C70B74DF-8081-41FB-AFA9-76AAD9F82A26} = {E9FE85DE-09A6-4675-B632-ED7437DF93EC}
		{CA0BF0B0-B761-4BE7-8478-E5FE13BDCBE5} = {58194FBC-0707-4937-BFE3-7F120480CA26}
		{978E396D-A0C4-4179-8D9A-0A2581395B70} = {AB1DF0A9-521D-4AAC-AFEE-D3DDBE23A839}
		{DD21205C-B8B7-4C47-9D68-76EF9C90F7D7} = {E9FE85DE-09A6-4675-B632-ED7437DF93EC}
		{77FC6EBC-6E3E-4C2F-B884-591050BF6274} = {AB1DF0A9-521D-4AAC-AFEE-D3DDBE23A839}
		{9A130FDF-0A12-4101-9900-66D04280E7B9} = {E9FE85DE-09A6-4675-B632-ED7437DF93EC}
		{3E53BB7B-464D-4BD2-9509-C4EA9E370AB3} = {AB1DF0A9-521D-4AAC-AFEE-D3DDBE23A839}
		{FB6A3009-715C-417F-9D0B-8997CF73D1D6} = {AB1DF0A9-521D-4AAC-AFEE-D3DDBE23A839}
	EndGlobalSection
	GlobalSection(ExtensibilityGlobals) = postSolution
		SolutionGuid = {F00149AE-EA26-409F-8100-2F27E56F2117}
	EndGlobalSection
EndGlobal
