
Microsoft Visual Studio Solution File, Format Version 12.00
# Visual Studio Version 17
VisualStudioVersion = 17.3.32922.545
MinimumVisualStudioVersion = 10.0.40219.1
Project("{2150E333-8FDC-42A3-9474-1A3956D46DE8}") = "01_CSharpProgramming", "01_CSharpProgramming", "{93D162EF-0A40-4089-B3BA-E2127380DC87}"
EndProject
Project("{FAE04EC0-301F-11D3-BF4B-00C04F79EFBC}") = "00_Programming", "Programming\00_Programming.csproj", "{8D94FA16-5502-478C-9237-7725A4D97963}"
EndProject
Project("{FAE04EC0-301F-11D3-BF4B-00C04F79EFBC}") = "01_DataType", "DataType\01_DataType.csproj", "{7987B066-2074-484C-97E9-06E32426F670}"
EndProject
Project("{FAE04EC0-301F-11D3-BF4B-00C04F79EFBC}") = "02_Operator", "Operator\02_Operator.csproj", "{D0A19140-D221-4BFD-A598-19CCBED6D370}"
EndProject
Project("{FAE04EC0-301F-11D3-BF4B-00C04F79EFBC}") = "03_Conditional", "Conditional\03_Conditional.csproj", "{39AFE1D6-0C7D-40F9-9456-C8E48B92F553}"
EndProject
Project("{FAE04EC0-301F-11D3-BF4B-00C04F79EFBC}") = "04_Loop", "Loop\04_Loop.csproj", "{AAE0F7FD-5E2B-4AE8-A780-3FEA4FC85B0E}"
EndProject
Project("{FAE04EC0-301F-11D3-BF4B-00C04F79EFBC}") = "05_Function", "Function\05_Function.csproj", "{F7D83BF5-3864-4C4B-8D4A-C0E58E49BE44}"
EndProject
Project("{FAE04EC0-301F-11D3-BF4B-00C04F79EFBC}") = "06_UserDefinedType", "UserDefinedType\06_UserDefinedType.csproj", "{D2827C34-8D3B-46C1-BE5A-72BA36E99631}"
EndProject
Project("{FAE04EC0-301F-11D3-BF4B-00C04F79EFBC}") = "07_Class", "Class\07_Class.csproj", "{0DAC0FFF-D308-483B-8CAA-AF32743B3548}"
EndProject
Project("{FAE04EC0-301F-11D3-BF4B-00C04F79EFBC}") = "08_OOP", "OOP\08_OOP.csproj", "{145B3E72-7A89-407D-BA07-D9ED5FEF1EE6}"
EndProject
Project("{FAE04EC0-301F-11D3-BF4B-00C04F79EFBC}") = "09_Generic", "09_Generic\09_Generic.csproj", "{DC00F348-054D-438E-BE60-98C5982ED261}"
EndProject
Project("{FAE04EC0-301F-11D3-BF4B-00C04F79EFBC}") = "10_Generic", "10_Generic\10_Generic.csproj", "{D460426E-16D0-41EE-A93B-2A1C19CA1570}"
EndProject
Project("{FAE04EC0-301F-11D3-BF4B-00C04F79EFBC}") = "11_Event", "11_Event\11_Event.csproj", "{808D2169-EA9F-455E-BC78-B4ECC5EC9EEB}"
EndProject
Project("{FAE04EC0-301F-11D3-BF4B-00C04F79EFBC}") = "12_Additional", "12_Additional\12_Additional.csproj", "{A742BB1A-7334-4B7F-B90B-91784075835B}"
EndProject
Project("{FAE04EC0-301F-11D3-BF4B-00C04F79EFBC}") = "Homework_00", "Homework_00\Homework_00.csproj", "{966CB06F-541A-4812-8CFC-4BF098B72A17}"
EndProject
Project("{FAE04EC0-301F-11D3-BF4B-00C04F79EFBC}") = "Homework_01", "Homework_01\Homework_01.csproj", "{15740C9F-F869-4FBB-A02D-88EB096C3011}"
EndProject
Project("{FAE04EC0-301F-11D3-BF4B-00C04F79EFBC}") = "Homework_02", "Homework_02\Homework_02.csproj", "{BF01079D-D6D6-4B02-BAA5-3B388C31DC2B}"
EndProject
Project("{FAE04EC0-301F-11D3-BF4B-00C04F79EFBC}") = "Homework_03", "Homework_03\Homework_03.csproj", "{5D5FAD49-945F-4091-B57D-30C6CA06AC59}"
EndProject
Project("{FAE04EC0-301F-11D3-BF4B-00C04F79EFBC}") = "Homework_04", "Homework_04\Homework_04.csproj", "{FA1A0A90-078F-47A2-8B3B-96DAC12E60A2}"
EndProject
Project("{FAE04EC0-301F-11D3-BF4B-00C04F79EFBC}") = "Homework_05", "Homework_05\Homework_05.csproj", "{CF385CCC-EDCB-4F4F-8924-03E80D72495E}"
EndProject
Project("{FAE04EC0-301F-11D3-BF4B-00C04F79EFBC}") = "Homework_06", "Homework_06\Homework_06.csproj", "{AF78634F-8286-4C9C-8F5F-363C15FBB0CB}"
EndProject
Project("{FAE04EC0-301F-11D3-BF4B-00C04F79EFBC}") = "Homework_07", "Homework_07\Homework_07.csproj", "{DD6FD07E-3666-4F08-AEAF-7368189B5602}"
EndProject
Project("{FAE04EC0-301F-11D3-BF4B-00C04F79EFBC}") = "Homework_08", "Homework_08\Homework_08.csproj", "{7CC1414C-A60E-46B0-8267-5F843C468443}"
EndProject
Project("{FAE04EC0-301F-11D3-BF4B-00C04F79EFBC}") = "Homework_09", "Homework_09\Homework_09.csproj", "{0A03D38B-98A5-489B-A242-FEF96686C5E0}"
EndProject
Project("{FAE04EC0-301F-11D3-BF4B-00C04F79EFBC}") = "Homework_10", "Homework_10\Homework_10.csproj", "{EEF85BAE-DF6E-44C5-A71F-BF21932605D3}"
EndProject
Project("{FAE04EC0-301F-11D3-BF4B-00C04F79EFBC}") = "Homework_11", "Homework_11\Homework_11.csproj", "{BAD70985-1B2F-48F1-91A0-8E26E55D0FBC}"
EndProject
Project("{2150E333-8FDC-42A3-9474-1A3956D46DE8}") = "Study", "Study", "{A63F17C2-30E3-42D9-B819-B3719BDF36B4}"
EndProject
Project("{2150E333-8FDC-42A3-9474-1A3956D46DE8}") = "Homework", "Homework", "{B7E126C6-B274-4CDF-B2C6-43D676143E37}"
EndProject
Project("{2150E333-8FDC-42A3-9474-1A3956D46DE8}") = "PersonalProject", "PersonalProject", "{0DC1C375-379F-4297-8A9C-28F2608749CA}"
EndProject
Project("{FAE04EC0-301F-11D3-BF4B-00C04F79EFBC}") = "ProjectD", "ProjectD\ProjectD.csproj", "{6D8B9847-6C84-4D7D-B7CE-D34302C7FB60}"
EndProject
Project("{2150E333-8FDC-42A3-9474-1A3956D46DE8}") = "02_CSharpAlgorithm", "02_CSharpAlgorithm", "{D228382A-1472-45BC-A838-67088D5DAB8A}"
EndProject
Project("{2150E333-8FDC-42A3-9474-1A3956D46DE8}") = "Homework", "Homework", "{E9FE85DE-09A6-4675-B632-ED7437DF93EC}"
EndProject
Project("{2150E333-8FDC-42A3-9474-1A3956D46DE8}") = "PersonalProject", "PersonalProject", "{58194FBC-0707-4937-BFE3-7F120480CA26}"
EndProject
Project("{2150E333-8FDC-42A3-9474-1A3956D46DE8}") = "Study", "Study", "{AB1DF0A9-521D-4AAC-AFEE-D3DDBE23A839}"
EndProject
Global
	GlobalSection(SolutionConfigurationPlatforms) = preSolution
		Debug|Any CPU = Debug|Any CPU
		Release|Any CPU = Release|Any CPU
	EndGlobalSection
	GlobalSection(ProjectConfigurationPlatforms) = postSolution
		{8D94FA16-5502-478C-9237-7725A4D97963}.Debug|Any CPU.ActiveCfg = Debug|Any CPU
		{8D94FA16-5502-478C-9237-7725A4D97963}.Debug|Any CPU.Build.0 = Debug|Any CPU
		{8D94FA16-5502-478C-9237-7725A4D97963}.Release|Any CPU.ActiveCfg = Release|Any CPU
		{8D94FA16-5502-478C-9237-7725A4D97963}.Release|Any CPU.Build.0 = Release|Any CPU
		{7987B066-2074-484C-97E9-06E32426F670}.Debug|Any CPU.ActiveCfg = Debug|Any CPU
		{7987B066-2074-484C-97E9-06E32426F670}.Debug|Any CPU.Build.0 = Debug|Any CPU
		{7987B066-2074-484C-97E9-06E32426F670}.Release|Any CPU.ActiveCfg = Release|Any CPU
		{7987B066-2074-484C-97E9-06E32426F670}.Release|Any CPU.Build.0 = Release|Any CPU
		{D0A19140-D221-4BFD-A598-19CCBED6D370}.Debug|Any CPU.ActiveCfg = Debug|Any CPU
		{D0A19140-D221-4BFD-A598-19CCBED6D370}.Debug|Any CPU.Build.0 = Debug|Any CPU
		{D0A19140-D221-4BFD-A598-19CCBED6D370}.Release|Any CPU.ActiveCfg = Release|Any CPU
		{D0A19140-D221-4BFD-A598-19CCBED6D370}.Release|Any CPU.Build.0 = Release|Any CPU
		{39AFE1D6-0C7D-40F9-9456-C8E48B92F553}.Debug|Any CPU.ActiveCfg = Debug|Any CPU
		{39AFE1D6-0C7D-40F9-9456-C8E48B92F553}.Debug|Any CPU.Build.0 = Debug|Any CPU
		{39AFE1D6-0C7D-40F9-9456-C8E48B92F553}.Release|Any CPU.ActiveCfg = Release|Any CPU
		{39AFE1D6-0C7D-40F9-9456-C8E48B92F553}.Release|Any CPU.Build.0 = Release|Any CPU
		{AAE0F7FD-5E2B-4AE8-A780-3FEA4FC85B0E}.Debug|Any CPU.ActiveCfg = Debug|Any CPU
		{AAE0F7FD-5E2B-4AE8-A780-3FEA4FC85B0E}.Debug|Any CPU.Build.0 = Debug|Any CPU
		{AAE0F7FD-5E2B-4AE8-A780-3FEA4FC85B0E}.Release|Any CPU.ActiveCfg = Release|Any CPU
		{AAE0F7FD-5E2B-4AE8-A780-3FEA4FC85B0E}.Release|Any CPU.Build.0 = Release|Any CPU
		{F7D83BF5-3864-4C4B-8D4A-C0E58E49BE44}.Debug|Any CPU.ActiveCfg = Debug|Any CPU
		{F7D83BF5-3864-4C4B-8D4A-C0E58E49BE44}.Debug|Any CPU.Build.0 = Debug|Any CPU
		{F7D83BF5-3864-4C4B-8D4A-C0E58E49BE44}.Release|Any CPU.ActiveCfg = Release|Any CPU
		{F7D83BF5-3864-4C4B-8D4A-C0E58E49BE44}.Release|Any CPU.Build.0 = Release|Any CPU
		{D2827C34-8D3B-46C1-BE5A-72BA36E99631}.Debug|Any CPU.ActiveCfg = Debug|Any CPU
		{D2827C34-8D3B-46C1-BE5A-72BA36E99631}.Debug|Any CPU.Build.0 = Debug|Any CPU
		{D2827C34-8D3B-46C1-BE5A-72BA36E99631}.Release|Any CPU.ActiveCfg = Release|Any CPU
		{D2827C34-8D3B-46C1-BE5A-72BA36E99631}.Release|Any CPU.Build.0 = Release|Any CPU
		{0DAC0FFF-D308-483B-8CAA-AF32743B3548}.Debug|Any CPU.ActiveCfg = Debug|Any CPU
		{0DAC0FFF-D308-483B-8CAA-AF32743B3548}.Debug|Any CPU.Build.0 = Debug|Any CPU
		{0DAC0FFF-D308-483B-8CAA-AF32743B3548}.Release|Any CPU.ActiveCfg = Release|Any CPU
		{0DAC0FFF-D308-483B-8CAA-AF32743B3548}.Release|Any CPU.Build.0 = Release|Any CPU
		{145B3E72-7A89-407D-BA07-D9ED5FEF1EE6}.Debug|Any CPU.ActiveCfg = Debug|Any CPU
		{145B3E72-7A89-407D-BA07-D9ED5FEF1EE6}.Debug|Any CPU.Build.0 = Debug|Any CPU
		{145B3E72-7A89-407D-BA07-D9ED5FEF1EE6}.Release|Any CPU.ActiveCfg = Release|Any CPU
		{145B3E72-7A89-407D-BA07-D9ED5FEF1EE6}.Release|Any CPU.Build.0 = Release|Any CPU
		{DC00F348-054D-438E-BE60-98C5982ED261}.Debug|Any CPU.ActiveCfg = Debug|Any CPU
		{DC00F348-054D-438E-BE60-98C5982ED261}.Debug|Any CPU.Build.0 = Debug|Any CPU
		{DC00F348-054D-438E-BE60-98C5982ED261}.Release|Any CPU.ActiveCfg = Release|Any CPU
		{DC00F348-054D-438E-BE60-98C5982ED261}.Release|Any CPU.Build.0 = Release|Any CPU
		{D460426E-16D0-41EE-A93B-2A1C19CA1570}.Debug|Any CPU.ActiveCfg = Debug|Any CPU
		{D460426E-16D0-41EE-A93B-2A1C19CA1570}.Debug|Any CPU.Build.0 = Debug|Any CPU
		{D460426E-16D0-41EE-A93B-2A1C19CA1570}.Release|Any CPU.ActiveCfg = Release|Any CPU
		{D460426E-16D0-41EE-A93B-2A1C19CA1570}.Release|Any CPU.Build.0 = Release|Any CPU
		{808D2169-EA9F-455E-BC78-B4ECC5EC9EEB}.Debug|Any CPU.ActiveCfg = Debug|Any CPU
		{808D2169-EA9F-455E-BC78-B4ECC5EC9EEB}.Debug|Any CPU.Build.0 = Debug|Any CPU
		{808D2169-EA9F-455E-BC78-B4ECC5EC9EEB}.Release|Any CPU.ActiveCfg = Release|Any CPU
		{808D2169-EA9F-455E-BC78-B4ECC5EC9EEB}.Release|Any CPU.Build.0 = Release|Any CPU
		{A742BB1A-7334-4B7F-B90B-91784075835B}.Debug|Any CPU.ActiveCfg = Debug|Any CPU
		{A742BB1A-7334-4B7F-B90B-91784075835B}.Debug|Any CPU.Build.0 = Debug|Any CPU
		{A742BB1A-7334-4B7F-B90B-91784075835B}.Release|Any CPU.ActiveCfg = Release|Any CPU
		{A742BB1A-7334-4B7F-B90B-91784075835B}.Release|Any CPU.Build.0 = Release|Any CPU
		{966CB06F-541A-4812-8CFC-4BF098B72A17}.Debug|Any CPU.ActiveCfg = Debug|Any CPU
		{966CB06F-541A-4812-8CFC-4BF098B72A17}.Debug|Any CPU.Build.0 = Debug|Any CPU
		{966CB06F-541A-4812-8CFC-4BF098B72A17}.Release|Any CPU.ActiveCfg = Release|Any CPU
		{966CB06F-541A-4812-8CFC-4BF098B72A17}.Release|Any CPU.Build.0 = Release|Any CPU
		{15740C9F-F869-4FBB-A02D-88EB096C3011}.Debug|Any CPU.ActiveCfg = Debug|Any CPU
		{15740C9F-F869-4FBB-A02D-88EB096C3011}.Debug|Any CPU.Build.0 = Debug|Any CPU
		{15740C9F-F869-4FBB-A02D-88EB096C3011}.Release|Any CPU.ActiveCfg = Release|Any CPU
		{15740C9F-F869-4FBB-A02D-88EB096C3011}.Release|Any CPU.Build.0 = Release|Any CPU
		{BF01079D-D6D6-4B02-BAA5-3B388C31DC2B}.Debug|Any CPU.ActiveCfg = Debug|Any CPU
		{BF01079D-D6D6-4B02-BAA5-3B388C31DC2B}.Debug|Any CPU.Build.0 = Debug|Any CPU
		{BF01079D-D6D6-4B02-BAA5-3B388C31DC2B}.Release|Any CPU.ActiveCfg = Release|Any CPU
		{BF01079D-D6D6-4B02-BAA5-3B388C31DC2B}.Release|Any CPU.Build.0 = Release|Any CPU
		{5D5FAD49-945F-4091-B57D-30C6CA06AC59}.Debug|Any CPU.ActiveCfg = Debug|Any CPU
		{5D5FAD49-945F-4091-B57D-30C6CA06AC59}.Debug|Any CPU.Build.0 = Debug|Any CPU
		{5D5FAD49-945F-4091-B57D-30C6CA06AC59}.Release|Any CPU.ActiveCfg = Release|Any CPU
		{5D5FAD49-945F-4091-B57D-30C6CA06AC59}.Release|Any CPU.Build.0 = Release|Any CPU
		{FA1A0A90-078F-47A2-8B3B-96DAC12E60A2}.Debug|Any CPU.ActiveCfg = Debug|Any CPU
		{FA1A0A90-078F-47A2-8B3B-96DAC12E60A2}.Debug|Any CPU.Build.0 = Debug|Any CPU
		{FA1A0A90-078F-47A2-8B3B-96DAC12E60A2}.Release|Any CPU.ActiveCfg = Release|Any CPU
		{FA1A0A90-078F-47A2-8B3B-96DAC12E60A2}.Release|Any CPU.Build.0 = Release|Any CPU
		{CF385CCC-EDCB-4F4F-8924-03E80D72495E}.Debug|Any CPU.ActiveCfg = Debug|Any CPU
		{CF385CCC-EDCB-4F4F-8924-03E80D72495E}.Debug|Any CPU.Build.0 = Debug|Any CPU
		{CF385CCC-EDCB-4F4F-8924-03E80D72495E}.Release|Any CPU.ActiveCfg = Release|Any CPU
		{CF385CCC-EDCB-4F4F-8924-03E80D72495E}.Release|Any CPU.Build.0 = Release|Any CPU
		{AF78634F-8286-4C9C-8F5F-363C15FBB0CB}.Debug|Any CPU.ActiveCfg = Debug|Any CPU
		{AF78634F-8286-4C9C-8F5F-363C15FBB0CB}.Debug|Any CPU.Build.0 = Debug|Any CPU
		{AF78634F-8286-4C9C-8F5F-363C15FBB0CB}.Release|Any CPU.ActiveCfg = Release|Any CPU
		{AF78634F-8286-4C9C-8F5F-363C15FBB0CB}.Release|Any CPU.Build.0 = Release|Any CPU
		{DD6FD07E-3666-4F08-AEAF-7368189B5602}.Debug|Any CPU.ActiveCfg = Debug|Any CPU
		{DD6FD07E-3666-4F08-AEAF-7368189B5602}.Debug|Any CPU.Build.0 = Debug|Any CPU
		{DD6FD07E-3666-4F08-AEAF-7368189B5602}.Release|Any CPU.ActiveCfg = Release|Any CPU
		{DD6FD07E-3666-4F08-AEAF-7368189B5602}.Release|Any CPU.Build.0 = Release|Any CPU
		{7CC1414C-A60E-46B0-8267-5F843C468443}.Debug|Any CPU.ActiveCfg = Debug|Any CPU
		{7CC1414C-A60E-46B0-8267-5F843C468443}.Debug|Any CPU.Build.0 = Debug|Any CPU
		{7CC1414C-A60E-46B0-8267-5F843C468443}.Release|Any CPU.ActiveCfg = Release|Any CPU
		{7CC1414C-A60E-46B0-8267-5F843C468443}.Release|Any CPU.Build.0 = Release|Any CPU
		{0A03D38B-98A5-489B-A242-FEF96686C5E0}.Debug|Any CPU.ActiveCfg = Debug|Any CPU
		{0A03D38B-98A5-489B-A242-FEF96686C5E0}.Debug|Any CPU.Build.0 = Debug|Any CPU
		{0A03D38B-98A5-489B-A242-FEF96686C5E0}.Release|Any CPU.ActiveCfg = Release|Any CPU
		{0A03D38B-98A5-489B-A242-FEF96686C5E0}.Release|Any CPU.Build.0 = Release|Any CPU
		{EEF85BAE-DF6E-44C5-A71F-BF21932605D3}.Debug|Any CPU.ActiveCfg = Debug|Any CPU
		{EEF85BAE-DF6E-44C5-A71F-BF21932605D3}.Debug|Any CPU.Build.0 = Debug|Any CPU
		{EEF85BAE-DF6E-44C5-A71F-BF21932605D3}.Release|Any CPU.ActiveCfg = Release|Any CPU
		{EEF85BAE-DF6E-44C5-A71F-BF21932605D3}.Release|Any CPU.Build.0 = Release|Any CPU
		{BAD70985-1B2F-48F1-91A0-8E26E55D0FBC}.Debug|Any CPU.ActiveCfg = Debug|Any CPU
		{BAD70985-1B2F-48F1-91A0-8E26E55D0FBC}.Debug|Any CPU.Build.0 = Debug|Any CPU
		{BAD70985-1B2F-48F1-91A0-8E26E55D0FBC}.Release|Any CPU.ActiveCfg = Release|Any CPU
		{BAD70985-1B2F-48F1-91A0-8E26E55D0FBC}.Release|Any CPU.Build.0 = Release|Any CPU
		{6D8B9847-6C84-4D7D-B7CE-D34302C7FB60}.Debug|Any CPU.ActiveCfg = Debug|Any CPU
		{6D8B9847-6C84-4D7D-B7CE-D34302C7FB60}.Debug|Any CPU.Build.0 = Debug|Any CPU
		{6D8B9847-6C84-4D7D-B7CE-D34302C7FB60}.Release|Any CPU.ActiveCfg = Release|Any CPU
		{6D8B9847-6C84-4D7D-B7CE-D34302C7FB60}.Release|Any CPU.Build.0 = Release|Any CPU
	EndGlobalSection
	GlobalSection(SolutionProperties) = preSolution
		HideSolutionNode = FALSE
	EndGlobalSection
	GlobalSection(NestedProjects) = preSolution
		{8D94FA16-5502-478C-9237-7725A4D97963} = {A63F17C2-30E3-42D9-B819-B3719BDF36B4}
		{7987B066-2074-484C-97E9-06E32426F670} = {A63F17C2-30E3-42D9-B819-B3719BDF36B4}
		{D0A19140-D221-4BFD-A598-19CCBED6D370} = {A63F17C2-30E3-42D9-B819-B3719BDF36B4}
		{39AFE1D6-0C7D-40F9-9456-C8E48B92F553} = {A63F17C2-30E3-42D9-B819-B3719BDF36B4}
		{AAE0F7FD-5E2B-4AE8-A780-3FEA4FC85B0E} = {A63F17C2-30E3-42D9-B819-B3719BDF36B4}
		{F7D83BF5-3864-4C4B-8D4A-C0E58E49BE44} = {A63F17C2-30E3-42D9-B819-B3719BDF36B4}
		{D2827C34-8D3B-46C1-BE5A-72BA36E99631} = {A63F17C2-30E3-42D9-B819-B3719BDF36B4}
		{0DAC0FFF-D308-483B-8CAA-AF32743B3548} = {A63F17C2-30E3-42D9-B819-B3719BDF36B4}
		{145B3E72-7A89-407D-BA07-D9ED5FEF1EE6} = {A63F17C2-30E3-42D9-B819-B3719BDF36B4}
		{DC00F348-054D-438E-BE60-98C5982ED261} = {A63F17C2-30E3-42D9-B819-B3719BDF36B4}
		{D460426E-16D0-41EE-A93B-2A1C19CA1570} = {A63F17C2-30E3-42D9-B819-B3719BDF36B4}
		{808D2169-EA9F-455E-BC78-B4ECC5EC9EEB} = {A63F17C2-30E3-42D9-B819-B3719BDF36B4}
		{A742BB1A-7334-4B7F-B90B-91784075835B} = {A63F17C2-30E3-42D9-B819-B3719BDF36B4}
		{966CB06F-541A-4812-8CFC-4BF098B72A17} = {B7E126C6-B274-4CDF-B2C6-43D676143E37}
		{15740C9F-F869-4FBB-A02D-88EB096C3011} = {B7E126C6-B274-4CDF-B2C6-43D676143E37}
		{BF01079D-D6D6-4B02-BAA5-3B388C31DC2B} = {B7E126C6-B274-4CDF-B2C6-43D676143E37}
		{5D5FAD49-945F-4091-B57D-30C6CA06AC59} = {B7E126C6-B274-4CDF-B2C6-43D676143E37}
		{FA1A0A90-078F-47A2-8B3B-96DAC12E60A2} = {B7E126C6-B274-4CDF-B2C6-43D676143E37}
		{CF385CCC-EDCB-4F4F-8924-03E80D72495E} = {B7E126C6-B274-4CDF-B2C6-43D676143E37}
		{AF78634F-8286-4C9C-8F5F-363C15FBB0CB} = {B7E126C6-B274-4CDF-B2C6-43D676143E37}
		{DD6FD07E-3666-4F08-AEAF-7368189B5602} = {B7E126C6-B274-4CDF-B2C6-43D676143E37}
		{7CC1414C-A60E-46B0-8267-5F843C468443} = {B7E126C6-B274-4CDF-B2C6-43D676143E37}
		{0A03D38B-98A5-489B-A242-FEF96686C5E0} = {B7E126C6-B274-4CDF-B2C6-43D676143E37}
		{EEF85BAE-DF6E-44C5-A71F-BF21932605D3} = {B7E126C6-B274-4CDF-B2C6-43D676143E37}
		{BAD70985-1B2F-48F1-91A0-8E26E55D0FBC} = {B7E126C6-B274-4CDF-B2C6-43D676143E37}
		{A63F17C2-30E3-42D9-B819-B3719BDF36B4} = {93D162EF-0A40-4089-B3BA-E2127380DC87}
		{B7E126C6-B274-4CDF-B2C6-43D676143E37} = {93D162EF-0A40-4089-B3BA-E2127380DC87}
		{0DC1C375-379F-4297-8A9C-28F2608749CA} = {93D162EF-0A40-4089-B3BA-E2127380DC87}
		{6D8B9847-6C84-4D7D-B7CE-D34302C7FB60} = {0DC1C375-379F-4297-8A9C-28F2608749CA}
		{E9FE85DE-09A6-4675-B632-ED7437DF93EC} = {D228382A-1472-45BC-A838-67088D5DAB8A}
		{58194FBC-0707-4937-BFE3-7F120480CA26} = {D228382A-1472-45BC-A838-67088D5DAB8A}
		{AB1DF0A9-521D-4AAC-AFEE-D3DDBE23A839} = {D228382A-1472-45BC-A838-67088D5DAB8A}
	EndGlobalSection
	GlobalSection(ExtensibilityGlobals) = postSolution
		SolutionGuid = {F00149AE-EA26-409F-8100-2F27E56F2117}
	EndGlobalSection
EndGlobal
